{
  "nodes": {
    "nixpkgs": {
      "locked": {
        "lastModified": 1685004253,
        "narHash": "sha256-AbVL1nN/TDicUQ5wXZ8xdLERxz/eJr7+o8lqkIOVuaE=",
        "path": "/nix/store/ml1b3zan2h0rrgfkfq0s0kspacpxp6ff-source",
        "rev": "3e01645c40b92d29f3ae76344a6d654986a91a91",
        "type": "path"
      },
      "original": {
        "id": "nixpkgs",
        "type": "indirect"
      }
    },
    "root": {
      "inputs": {
        "nixpkgs": "nixpkgs"
      }
    }
  },
  "root": "root",
  "version": 7
}
